
Microsoft Visual Studio Solution File, Format Version 12.00
# Visual Studio Version 16
VisualStudioVersion = 16.0.29009.5
MinimumVisualStudioVersion = 10.0.40219.1
Project("{FAE04EC0-301F-11D3-BF4B-00C04F79EFBC}") = "FF2BossEditor", "FF2BossEditor\FF2BossEditor.csproj", "{91FCF78F-1E20-4F00-A565-C459AD68F818}"
EndProject
Global
	GlobalSection(SolutionConfigurationPlatforms) = preSolution
		Debug|Any CPU = Debug|Any CPU
		Release|Any CPU = Release|Any CPU
	EndGlobalSection
	GlobalSection(ProjectConfigurationPlatforms) = postSolution
		{91FCF78F-1E20-4F00-A565-C459AD68F818}.Debug|Any CPU.ActiveCfg = Debug|Any CPU
		{91FCF78F-1E20-4F00-A565-C459AD68F818}.Debug|Any CPU.Build.0 = Debug|Any CPU
		{91FCF78F-1E20-4F00-A565-C459AD68F818}.Release|Any CPU.ActiveCfg = Release|Any CPU
		{91FCF78F-1E20-4F00-A565-C459AD68F818}.Release|Any CPU.Build.0 = Release|Any CPU
	EndGlobalSection
	GlobalSection(SolutionProperties) = preSolution
		HideSolutionNode = FALSE
	EndGlobalSection
	GlobalSection(ExtensibilityGlobals) = postSolution
		SolutionGuid = {8CC5575E-1DFA-4BFC-9881-D0D0F42BEF34}
	EndGlobalSection
EndGlobal
